
Microsoft Visual Studio Solution File, Format Version 12.00
# Visual Studio Version 16
VisualStudioVersion = 16.0.30320.27
MinimumVisualStudioVersion = 10.0.40219.1
Project("{8BC9CEB8-8B4A-11D0-8D11-00A0C91BC942}") = "OOP Overloading sum function", "OOP Overloading sum function\OOP Overloading sum function.vcxproj", "{087D8A17-B0A7-47E6-825E-851CA5BA4C7F}"
EndProject
Global
	GlobalSection(SolutionConfigurationPlatforms) = preSolution
		Debug|x64 = Debug|x64
		Debug|x86 = Debug|x86
		Release|x64 = Release|x64
		Release|x86 = Release|x86
	EndGlobalSection
	GlobalSection(ProjectConfigurationPlatforms) = postSolution
		{087D8A17-B0A7-47E6-825E-851CA5BA4C7F}.Debug|x64.ActiveCfg = Debug|x64
		{087D8A17-B0A7-47E6-825E-851CA5BA4C7F}.Debug|x64.Build.0 = Debug|x64
		{087D8A17-B0A7-47E6-825E-851CA5BA4C7F}.Debug|x86.ActiveCfg = Debug|Win32
		{087D8A17-B0A7-47E6-825E-851CA5BA4C7F}.Debug|x86.Build.0 = Debug|Win32
		{087D8A17-B0A7-47E6-825E-851CA5BA4C7F}.Release|x64.ActiveCfg = Release|x64
		{087D8A17-B0A7-47E6-825E-851CA5BA4C7F}.Release|x64.Build.0 = Release|x64
		{087D8A17-B0A7-47E6-825E-851CA5BA4C7F}.Release|x86.ActiveCfg = Release|Win32
		{087D8A17-B0A7-47E6-825E-851CA5BA4C7F}.Release|x86.Build.0 = Release|Win32
	EndGlobalSection
	GlobalSection(SolutionProperties) = preSolution
		HideSolutionNode = FALSE
	EndGlobalSection
	GlobalSection(ExtensibilityGlobals) = postSolution
		SolutionGuid = {1054CF43-EEAE-45B4-B9DF-083D257F43AE}
	EndGlobalSection
EndGlobal
